
Microsoft Visual Studio Solution File, Format Version 12.00
# Visual Studio 2013
VisualStudioVersion = 12.0.40629.0
MinimumVisualStudioVersion = 10.0.40219.1
Project("{FAE04EC0-301F-11D3-BF4B-00C04F79EFBC}") = "UNTv.WP81", "UNTv.WP81\UNTv.WP81.csproj", "{D9BA7420-3AC9-46C3-9393-62C38B13C2AB}"
EndProject
Project("{2150E333-8FDC-42A3-9474-1A3956D46DE8}") = ".nuget", ".nuget", "{F3B093A1-A6CF-4CC9-BC68-B586CC7B6506}"
	ProjectSection(SolutionItems) = preProject
		.nuget\NuGet.Config = .nuget\NuGet.Config
		.nuget\NuGet.exe = .nuget\NuGet.exe
		.nuget\NuGet.targets = .nuget\NuGet.targets
	EndProjectSection
EndProject
Project("{2150E333-8FDC-42A3-9474-1A3956D46DE8}") = "pacakges", "pacakges", "{7EE82C52-6897-4489-ADB5-E504D28DFC53}"
	ProjectSection(SolutionItems) = preProject
		packages\phonesm-1.5.3\SM.Media.Builder.dll = packages\phonesm-1.5.3\SM.Media.Builder.dll
		packages\phonesm-1.5.3\SM.Media.Builder.pdb = packages\phonesm-1.5.3\SM.Media.Builder.pdb
		packages\phonesm-1.5.3\SM.Media.dll = packages\phonesm-1.5.3\SM.Media.dll
		packages\phonesm-1.5.3\SM.Media.MediaPlayer.WP81.dll = packages\phonesm-1.5.3\SM.Media.MediaPlayer.WP81.dll
		packages\phonesm-1.5.3\SM.Media.MediaPlayer.WP81.pdb = packages\phonesm-1.5.3\SM.Media.MediaPlayer.WP81.pdb
		packages\phonesm-1.5.3\SM.Media.pdb = packages\phonesm-1.5.3\SM.Media.pdb
		packages\phonesm-1.5.3\SM.Media.Platform.WinRT.dll = packages\phonesm-1.5.3\SM.Media.Platform.WinRT.dll
		packages\phonesm-1.5.3\SM.Media.Platform.WinRT.pdb = packages\phonesm-1.5.3\SM.Media.Platform.WinRT.pdb
	EndProjectSection
EndProject
Global
	GlobalSection(SolutionConfigurationPlatforms) = preSolution
		Debug|Any CPU = Debug|Any CPU
		Debug|ARM = Debug|ARM
		Debug|x86 = Debug|x86
		Release|Any CPU = Release|Any CPU
		Release|ARM = Release|ARM
		Release|x86 = Release|x86
	EndGlobalSection
	GlobalSection(ProjectConfigurationPlatforms) = postSolution
		{D9BA7420-3AC9-46C3-9393-62C38B13C2AB}.Debug|Any CPU.ActiveCfg = Debug|Any CPU
		{D9BA7420-3AC9-46C3-9393-62C38B13C2AB}.Debug|Any CPU.Build.0 = Debug|Any CPU
		{D9BA7420-3AC9-46C3-9393-62C38B13C2AB}.Debug|Any CPU.Deploy.0 = Debug|Any CPU
		{D9BA7420-3AC9-46C3-9393-62C38B13C2AB}.Debug|ARM.ActiveCfg = Debug|ARM
		{D9BA7420-3AC9-46C3-9393-62C38B13C2AB}.Debug|ARM.Build.0 = Debug|ARM
		{D9BA7420-3AC9-46C3-9393-62C38B13C2AB}.Debug|ARM.Deploy.0 = Debug|ARM
		{D9BA7420-3AC9-46C3-9393-62C38B13C2AB}.Debug|x86.ActiveCfg = Debug|x86
		{D9BA7420-3AC9-46C3-9393-62C38B13C2AB}.Debug|x86.Build.0 = Debug|x86
		{D9BA7420-3AC9-46C3-9393-62C38B13C2AB}.Debug|x86.Deploy.0 = Debug|x86
		{D9BA7420-3AC9-46C3-9393-62C38B13C2AB}.Release|Any CPU.ActiveCfg = Release|Any CPU
		{D9BA7420-3AC9-46C3-9393-62C38B13C2AB}.Release|Any CPU.Build.0 = Release|Any CPU
		{D9BA7420-3AC9-46C3-9393-62C38B13C2AB}.Release|Any CPU.Deploy.0 = Release|Any CPU
		{D9BA7420-3AC9-46C3-9393-62C38B13C2AB}.Release|ARM.ActiveCfg = Release|ARM
		{D9BA7420-3AC9-46C3-9393-62C38B13C2AB}.Release|ARM.Build.0 = Release|ARM
		{D9BA7420-3AC9-46C3-9393-62C38B13C2AB}.Release|ARM.Deploy.0 = Release|ARM
		{D9BA7420-3AC9-46C3-9393-62C38B13C2AB}.Release|x86.ActiveCfg = Release|x86
		{D9BA7420-3AC9-46C3-9393-62C38B13C2AB}.Release|x86.Build.0 = Release|x86
		{D9BA7420-3AC9-46C3-9393-62C38B13C2AB}.Release|x86.Deploy.0 = Release|x86
	EndGlobalSection
	GlobalSection(SolutionProperties) = preSolution
		HideSolutionNode = FALSE
	EndGlobalSection
EndGlobal
